# generated by rye
# use `rye lock` or `rye sync` to update this lockfile
#
# last locked with the following flags:
#   pre: false
#   features: []
#   all-features: false
#   with-sources: false
#   generate-hashes: false
#   universal: false

-e file:.
aioserial==1.3.1
    # via async-serial-py
pyserial==3.5
    # via aioserial
    # via async-serial-py
    # via pyserial-asyncio
pyserial-asyncio==0.6
    # via async-serial-py
